<?xml version="1.0" encoding="utf-8"?>
<Project ToolsVersion="4.0" xmlns="http://schemas.microsoft.com/developer/msbuild/2003">
  <ItemGroup>
    <Filter Include="Source Files">
      <UniqueIdentifier>{4FC737F1-C7A5-4376-A066-2A32D752A2FF}</UniqueIdentifier>
      <Extensions>cpp;c;cc;cxx;def;odl;idl;hpj;bat;asm;asmx</Extensions>
    </Filter>
    <Filter Include="Header Files">
      <UniqueIdentifier>{93995380-89BD-4b04-88EB-625FBE52EBFB}</UniqueIdentifier>
      <Extensions>h;hh;hpp;hxx;hm;inl;inc;xsd</Extensions>
    </Filter>
    <Filter Include="Resource Files">
      <UniqueIdentifier>{67DA6AB6-F800-4c08-8B7A-83BB121AAD01}</UniqueIdentifier>
      <Extensions>rc;ico;cur;bmp;dlg;rc2;rct;bin;rgs;gif;jpg;jpeg;jpe;resx;tiff;tif;png;wav;mfcribbon-ms</Extensions>
    </Filter>
  </ItemGroup>
  <ItemGroup>
    <ClInclude Include="ParticleSystem.h">
      <Filter>Header Files</Filter>
    </ClInclude>
    <ClInclude Include="lib\Platform.h">
      <Filter>Header Files</Filter>
    </ClInclude>
    <ClInclude Include="lib\EntryPoint.h">
      <Filter>Header Files</Filter>
    </ClInclude>
    <ClInclude Include="lib\CompiledHeaders.h">
      <Filter>Header Files</Filter>
    </ClInclude>
    <ClInclude Include="lib\Display.h">
      <Filter>Header Files</Filter>
    </ClInclude>
    <ClInclude Include="lib\Macro.h">
      <Filter>Header Files</Filter>
    </ClInclude>
    <ClInclude Include="lib\GlobalVariables.h">
      <Filter>Header Files</Filter>
    </ClInclude>
    <ClInclude Include="lib\Events.h">
      <Filter>Header Files</Filter>
    </ClInclude>
    <ClInclude Include="lib\GUI.h">
      <Filter>Header Files</Filter>
    </ClInclude>
    <ClInclude Include="lib\App.h">
      <Filter>Header Files</Filter>
    </ClInclude>
    <ClInclude Include="lib\thirdparty\imgui\imconfig.h">
      <Filter>Header Files</Filter>
    </ClInclude>
    <ClInclude Include="lib\thirdparty\imgui\imgui.h">
      <Filter>Header Files</Filter>
    </ClInclude>
    <ClInclude Include="lib\thirdparty\imgui\imgui_impl_opengl3.h">
      <Filter>Header Files</Filter>
    </ClInclude>
    <ClInclude Include="lib\thirdparty\imgui\imgui_impl_win32.h">
      <Filter>Header Files</Filter>
    </ClInclude>
    <ClInclude Include="lib\thirdparty\imgui\imgui_internal.h">
      <Filter>Header Files</Filter>
    </ClInclude>
    <ClInclude Include="lib\thirdparty\imgui\imstb_rectpack.h">
      <Filter>Header Files</Filter>
    </ClInclude>
    <ClInclude Include="lib\thirdparty\imgui\imstb_textedit.h">
      <Filter>Header Files</Filter>
    </ClInclude>
    <ClInclude Include="lib\thirdparty\imgui\imstb_truetype.h">
      <Filter>Header Files</Filter>
    </ClInclude>
    <ClInclude Include="lib\Particle\Particle.h">
      <Filter>Header Files</Filter>
    </ClInclude>
    <ClInclude Include="lib\Particle\ParticleCollection.h">
      <Filter>Header Files</Filter>
    </ClInclude>
    <ClInclude Include="lib\thirdparty\glm\detail\_features.hpp">
      <Filter>Header Files</Filter>
    </ClInclude>
    <ClInclude Include="lib\thirdparty\glm\detail\_fixes.hpp">
      <Filter>Header Files</Filter>
    </ClInclude>
    <ClInclude Include="lib\thirdparty\glm\detail\_noise.hpp">
      <Filter>Header Files</Filter>
    </ClInclude>
    <ClInclude Include="lib\thirdparty\glm\detail\_swizzle.hpp">
      <Filter>Header Files</Filter>
    </ClInclude>
    <ClInclude Include="lib\thirdparty\glm\detail\_swizzle_func.hpp">
      <Filter>Header Files</Filter>
    </ClInclude>
    <ClInclude Include="lib\thirdparty\glm\detail\_vectorize.hpp">
      <Filter>Header Files</Filter>
    </ClInclude>
    <ClInclude Include="lib\thirdparty\glm\detail\func_common.hpp">
      <Filter>Header Files</Filter>
    </ClInclude>
    <ClInclude Include="lib\thirdparty\glm\detail\func_exponential.hpp">
      <Filter>Header Files</Filter>
    </ClInclude>
    <ClInclude Include="lib\thirdparty\glm\detail\func_geometric.hpp">
      <Filter>Header Files</Filter>
    </ClInclude>
    <ClInclude Include="lib\thirdparty\glm\detail\func_integer.hpp">
      <Filter>Header Files</Filter>
    </ClInclude>
    <ClInclude Include="lib\thirdparty\glm\detail\func_matrix.hpp">
      <Filter>Header Files</Filter>
    </ClInclude>
    <ClInclude Include="lib\thirdparty\glm\detail\func_noise.hpp">
      <Filter>Header Files</Filter>
    </ClInclude>
    <ClInclude Include="lib\thirdparty\glm\detail\func_packing.hpp">
      <Filter>Header Files</Filter>
    </ClInclude>
    <ClInclude Include="lib\thirdparty\glm\detail\func_trigonometric.hpp">
      <Filter>Header Files</Filter>
    </ClInclude>
    <ClInclude Include="lib\thirdparty\glm\detail\func_vector_relational.hpp">
      <Filter>Header Files</Filter>
    </ClInclude>
    <ClInclude Include="lib\thirdparty\glm\detail\intrinsic_common.hpp">
      <Filter>Header Files</Filter>
    </ClInclude>
    <ClInclude Include="lib\thirdparty\glm\detail\intrinsic_exponential.hpp">
      <Filter>Header Files</Filter>
    </ClInclude>
    <ClInclude Include="lib\thirdparty\glm\detail\intrinsic_geometric.hpp">
      <Filter>Header Files</Filter>
    </ClInclude>
    <ClInclude Include="lib\thirdparty\glm\detail\intrinsic_integer.hpp">
      <Filter>Header Files</Filter>
    </ClInclude>
    <ClInclude Include="lib\thirdparty\glm\detail\intrinsic_matrix.hpp">
      <Filter>Header Files</Filter>
    </ClInclude>
    <ClInclude Include="lib\thirdparty\glm\detail\intrinsic_trigonometric.hpp">
      <Filter>Header Files</Filter>
    </ClInclude>
    <ClInclude Include="lib\thirdparty\glm\detail\intrinsic_vector_relational.hpp">
      <Filter>Header Files</Filter>
    </ClInclude>
    <ClInclude Include="lib\thirdparty\glm\detail\precision.hpp">
      <Filter>Header Files</Filter>
    </ClInclude>
    <ClInclude Include="lib\thirdparty\glm\detail\setup.hpp">
      <Filter>Header Files</Filter>
    </ClInclude>
    <ClInclude Include="lib\thirdparty\glm\detail\type_float.hpp">
      <Filter>Header Files</Filter>
    </ClInclude>
    <ClInclude Include="lib\thirdparty\glm\detail\type_gentype.hpp">
      <Filter>Header Files</Filter>
    </ClInclude>
    <ClInclude Include="lib\thirdparty\glm\detail\type_half.hpp">
      <Filter>Header Files</Filter>
    </ClInclude>
    <ClInclude Include="lib\thirdparty\glm\detail\type_int.hpp">
      <Filter>Header Files</Filter>
    </ClInclude>
    <ClInclude Include="lib\thirdparty\glm\detail\type_mat.hpp">
      <Filter>Header Files</Filter>
    </ClInclude>
    <ClInclude Include="lib\thirdparty\glm\detail\type_mat2x2.hpp">
      <Filter>Header Files</Filter>
    </ClInclude>
    <ClInclude Include="lib\thirdparty\glm\detail\type_mat2x3.hpp">
      <Filter>Header Files</Filter>
    </ClInclude>
    <ClInclude Include="lib\thirdparty\glm\detail\type_mat2x4.hpp">
      <Filter>Header Files</Filter>
    </ClInclude>
    <ClInclude Include="lib\thirdparty\glm\detail\type_mat3x2.hpp">
      <Filter>Header Files</Filter>
    </ClInclude>
    <ClInclude Include="lib\thirdparty\glm\detail\type_mat3x3.hpp">
      <Filter>Header Files</Filter>
    </ClInclude>
    <ClInclude Include="lib\thirdparty\glm\detail\type_mat3x4.hpp">
      <Filter>Header Files</Filter>
    </ClInclude>
    <ClInclude Include="lib\thirdparty\glm\detail\type_mat4x2.hpp">
      <Filter>Header Files</Filter>
    </ClInclude>
    <ClInclude Include="lib\thirdparty\glm\detail\type_mat4x3.hpp">
      <Filter>Header Files</Filter>
    </ClInclude>
    <ClInclude Include="lib\thirdparty\glm\detail\type_mat4x4.hpp">
      <Filter>Header Files</Filter>
    </ClInclude>
    <ClInclude Include="lib\thirdparty\glm\detail\type_vec.hpp">
      <Filter>Header Files</Filter>
    </ClInclude>
    <ClInclude Include="lib\thirdparty\glm\detail\type_vec1.hpp">
      <Filter>Header Files</Filter>
    </ClInclude>
    <ClInclude Include="lib\thirdparty\glm\detail\type_vec2.hpp">
      <Filter>Header Files</Filter>
    </ClInclude>
    <ClInclude Include="lib\thirdparty\glm\detail\type_vec3.hpp">
      <Filter>Header Files</Filter>
    </ClInclude>
    <ClInclude Include="lib\thirdparty\glm\detail\type_vec4.hpp">
      <Filter>Header Files</Filter>
    </ClInclude>
    <ClInclude Include="lib\thirdparty\glm\gtc\bitfield.hpp">
      <Filter>Header Files</Filter>
    </ClInclude>
    <ClInclude Include="lib\thirdparty\glm\gtc\constants.hpp">
      <Filter>Header Files</Filter>
    </ClInclude>
    <ClInclude Include="lib\thirdparty\glm\gtc\epsilon.hpp">
      <Filter>Header Files</Filter>
    </ClInclude>
    <ClInclude Include="lib\thirdparty\glm\gtc\integer.hpp">
      <Filter>Header Files</Filter>
    </ClInclude>
    <ClInclude Include="lib\thirdparty\glm\gtc\matrix_access.hpp">
      <Filter>Header Files</Filter>
    </ClInclude>
    <ClInclude Include="lib\thirdparty\glm\gtc\matrix_integer.hpp">
      <Filter>Header Files</Filter>
    </ClInclude>
    <ClInclude Include="lib\thirdparty\glm\gtc\matrix_inverse.hpp">
      <Filter>Header Files</Filter>
    </ClInclude>
    <ClInclude Include="lib\thirdparty\glm\gtc\matrix_transform.hpp">
      <Filter>Header Files</Filter>
    </ClInclude>
    <ClInclude Include="lib\thirdparty\glm\gtc\noise.hpp">
      <Filter>Header Files</Filter>
    </ClInclude>
    <ClInclude Include="lib\thirdparty\glm\gtc\packing.hpp">
      <Filter>Header Files</Filter>
    </ClInclude>
    <ClInclude Include="lib\thirdparty\glm\gtc\quaternion.hpp">
      <Filter>Header Files</Filter>
    </ClInclude>
    <ClInclude Include="lib\thirdparty\glm\gtc\random.hpp">
      <Filter>Header Files</Filter>
    </ClInclude>
    <ClInclude Include="lib\thirdparty\glm\gtc\reciprocal.hpp">
      <Filter>Header Files</Filter>
    </ClInclude>
    <ClInclude Include="lib\thirdparty\glm\gtc\round.hpp">
      <Filter>Header Files</Filter>
    </ClInclude>
    <ClInclude Include="lib\thirdparty\glm\gtc\type_precision.hpp">
      <Filter>Header Files</Filter>
    </ClInclude>
    <ClInclude Include="lib\thirdparty\glm\gtc\type_ptr.hpp">
      <Filter>Header Files</Filter>
    </ClInclude>
    <ClInclude Include="lib\thirdparty\glm\gtc\ulp.hpp">
      <Filter>Header Files</Filter>
    </ClInclude>
    <ClInclude Include="lib\thirdparty\glm\gtc\vec1.hpp">
      <Filter>Header Files</Filter>
    </ClInclude>
    <ClInclude Include="lib\thirdparty\glm\gtx\associated_min_max.hpp">
      <Filter>Header Files</Filter>
    </ClInclude>
    <ClInclude Include="lib\thirdparty\glm\gtx\bit.hpp">
      <Filter>Header Files</Filter>
    </ClInclude>
    <ClInclude Include="lib\thirdparty\glm\gtx\closest_point.hpp">
      <Filter>Header Files</Filter>
    </ClInclude>
    <ClInclude Include="lib\thirdparty\glm\gtx\color_space.hpp">
      <Filter>Header Files</Filter>
    </ClInclude>
    <ClInclude Include="lib\thirdparty\glm\gtx\color_space_YCoCg.hpp">
      <Filter>Header Files</Filter>
    </ClInclude>
    <ClInclude Include="lib\thirdparty\glm\gtx\common.hpp">
      <Filter>Header Files</Filter>
    </ClInclude>
    <ClInclude Include="lib\thirdparty\glm\gtx\compatibility.hpp">
      <Filter>Header Files</Filter>
    </ClInclude>
    <ClInclude Include="lib\thirdparty\glm\gtx\component_wise.hpp">
      <Filter>Header Files</Filter>
    </ClInclude>
    <ClInclude Include="lib\thirdparty\glm\gtx\dual_quaternion.hpp">
      <Filter>Header Files</Filter>
    </ClInclude>
    <ClInclude Include="lib\thirdparty\glm\gtx\euler_angles.hpp">
      <Filter>Header Files</Filter>
    </ClInclude>
    <ClInclude Include="lib\thirdparty\glm\gtx\extend.hpp">
      <Filter>Header Files</Filter>
    </ClInclude>
    <ClInclude Include="lib\thirdparty\glm\gtx\extented_min_max.hpp">
      <Filter>Header Files</Filter>
    </ClInclude>
    <ClInclude Include="lib\thirdparty\glm\gtx\fast_exponential.hpp">
      <Filter>Header Files</Filter>
    </ClInclude>
    <ClInclude Include="lib\thirdparty\glm\gtx\fast_square_root.hpp">
      <Filter>Header Files</Filter>
    </ClInclude>
    <ClInclude Include="lib\thirdparty\glm\gtx\fast_trigonometry.hpp">
      <Filter>Header Files</Filter>
    </ClInclude>
    <ClInclude Include="lib\thirdparty\glm\gtx\gradient_paint.hpp">
      <Filter>Header Files</Filter>
    </ClInclude>
    <ClInclude Include="lib\thirdparty\glm\gtx\handed_coordinate_space.hpp">
      <Filter>Header Files</Filter>
    </ClInclude>
    <ClInclude Include="lib\thirdparty\glm\gtx\integer.hpp">
      <Filter>Header Files</Filter>
    </ClInclude>
    <ClInclude Include="lib\thirdparty\glm\gtx\intersect.hpp">
      <Filter>Header Files</Filter>
    </ClInclude>
    <ClInclude Include="lib\thirdparty\glm\gtx\io.hpp">
      <Filter>Header Files</Filter>
    </ClInclude>
    <ClInclude Include="lib\thirdparty\glm\gtx\log_base.hpp">
      <Filter>Header Files</Filter>
    </ClInclude>
    <ClInclude Include="lib\thirdparty\glm\gtx\matrix_cross_product.hpp">
      <Filter>Header Files</Filter>
    </ClInclude>
    <ClInclude Include="lib\thirdparty\glm\gtx\matrix_decompose.hpp">
      <Filter>Header Files</Filter>
    </ClInclude>
    <ClInclude Include="lib\thirdparty\glm\gtx\matrix_interpolation.hpp">
      <Filter>Header Files</Filter>
    </ClInclude>
    <ClInclude Include="lib\thirdparty\glm\gtx\matrix_major_storage.hpp">
      <Filter>Header Files</Filter>
    </ClInclude>
    <ClInclude Include="lib\thirdparty\glm\gtx\matrix_operation.hpp">
      <Filter>Header Files</Filter>
    </ClInclude>
    <ClInclude Include="lib\thirdparty\glm\gtx\matrix_query.hpp">
      <Filter>Header Files</Filter>
    </ClInclude>
    <ClInclude Include="lib\thirdparty\glm\gtx\matrix_transform_2d.hpp">
      <Filter>Header Files</Filter>
    </ClInclude>
    <ClInclude Include="lib\thirdparty\glm\gtx\mixed_product.hpp">
      <Filter>Header Files</Filter>
    </ClInclude>
    <ClInclude Include="lib\thirdparty\glm\gtx\multiple.hpp">
      <Filter>Header Files</Filter>
    </ClInclude>
    <ClInclude Include="lib\thirdparty\glm\gtx\norm.hpp">
      <Filter>Header Files</Filter>
    </ClInclude>
    <ClInclude Include="lib\thirdparty\glm\gtx\normal.hpp">
      <Filter>Header Files</Filter>
    </ClInclude>
    <ClInclude Include="lib\thirdparty\glm\gtx\normalize_dot.hpp">
      <Filter>Header Files</Filter>
    </ClInclude>
    <ClInclude Include="lib\thirdparty\glm\gtx\number_precision.hpp">
      <Filter>Header Files</Filter>
    </ClInclude>
    <ClInclude Include="lib\thirdparty\glm\gtx\optimum_pow.hpp">
      <Filter>Header Files</Filter>
    </ClInclude>
    <ClInclude Include="lib\thirdparty\glm\gtx\orthonormalize.hpp">
      <Filter>Header Files</Filter>
    </ClInclude>
    <ClInclude Include="lib\thirdparty\glm\gtx\perpendicular.hpp">
      <Filter>Header Files</Filter>
    </ClInclude>
    <ClInclude Include="lib\thirdparty\glm\gtx\polar_coordinates.hpp">
      <Filter>Header Files</Filter>
    </ClInclude>
    <ClInclude Include="lib\thirdparty\glm\gtx\projection.hpp">
      <Filter>Header Files</Filter>
    </ClInclude>
    <ClInclude Include="lib\thirdparty\glm\gtx\quaternion.hpp">
      <Filter>Header Files</Filter>
    </ClInclude>
    <ClInclude Include="lib\thirdparty\glm\gtx\range.hpp">
      <Filter>Header Files</Filter>
    </ClInclude>
    <ClInclude Include="lib\thirdparty\glm\gtx\raw_data.hpp">
      <Filter>Header Files</Filter>
    </ClInclude>
    <ClInclude Include="lib\thirdparty\glm\gtx\rotate_normalized_axis.hpp">
      <Filter>Header Files</Filter>
    </ClInclude>
    <ClInclude Include="lib\thirdparty\glm\gtx\rotate_vector.hpp">
      <Filter>Header Files</Filter>
    </ClInclude>
    <ClInclude Include="lib\thirdparty\glm\gtx\scalar_multiplication.hpp">
      <Filter>Header Files</Filter>
    </ClInclude>
    <ClInclude Include="lib\thirdparty\glm\gtx\scalar_relational.hpp">
      <Filter>Header Files</Filter>
    </ClInclude>
    <ClInclude Include="lib\thirdparty\glm\gtx\simd_mat4.hpp">
      <Filter>Header Files</Filter>
    </ClInclude>
    <ClInclude Include="lib\thirdparty\glm\gtx\simd_quat.hpp">
      <Filter>Header Files</Filter>
    </ClInclude>
    <ClInclude Include="lib\thirdparty\glm\gtx\simd_vec4.hpp">
      <Filter>Header Files</Filter>
    </ClInclude>
    <ClInclude Include="lib\thirdparty\glm\gtx\spline.hpp">
      <Filter>Header Files</Filter>
    </ClInclude>
    <ClInclude Include="lib\thirdparty\glm\gtx\std_based_type.hpp">
      <Filter>Header Files</Filter>
    </ClInclude>
    <ClInclude Include="lib\thirdparty\glm\gtx\string_cast.hpp">
      <Filter>Header Files</Filter>
    </ClInclude>
    <ClInclude Include="lib\thirdparty\glm\gtx\transform.hpp">
      <Filter>Header Files</Filter>
    </ClInclude>
    <ClInclude Include="lib\thirdparty\glm\gtx\transform2.hpp">
      <Filter>Header Files</Filter>
    </ClInclude>
    <ClInclude Include="lib\thirdparty\glm\gtx\type_aligned.hpp">
      <Filter>Header Files</Filter>
    </ClInclude>
    <ClInclude Include="lib\thirdparty\glm\gtx\vector_angle.hpp">
      <Filter>Header Files</Filter>
    </ClInclude>
    <ClInclude Include="lib\thirdparty\glm\gtx\vector_query.hpp">
      <Filter>Header Files</Filter>
    </ClInclude>
    <ClInclude Include="lib\thirdparty\glm\gtx\wrap.hpp">
      <Filter>Header Files</Filter>
    </ClInclude>
    <ClInclude Include="lib\thirdparty\glm\common.hpp">
      <Filter>Header Files</Filter>
    </ClInclude>
    <ClInclude Include="lib\thirdparty\glm\exponential.hpp">
      <Filter>Header Files</Filter>
    </ClInclude>
    <ClInclude Include="lib\thirdparty\glm\ext.hpp">
      <Filter>Header Files</Filter>
    </ClInclude>
    <ClInclude Include="lib\thirdparty\glm\fwd.hpp">
      <Filter>Header Files</Filter>
    </ClInclude>
    <ClInclude Include="lib\thirdparty\glm\geometric.hpp">
      <Filter>Header Files</Filter>
    </ClInclude>
    <ClInclude Include="lib\thirdparty\glm\glm.hpp">
      <Filter>Header Files</Filter>
    </ClInclude>
    <ClInclude Include="lib\thirdparty\glm\integer.hpp">
      <Filter>Header Files</Filter>
    </ClInclude>
    <ClInclude Include="lib\thirdparty\glm\mat2x2.hpp">
      <Filter>Header Files</Filter>
    </ClInclude>
    <ClInclude Include="lib\thirdparty\glm\mat2x3.hpp">
      <Filter>Header Files</Filter>
    </ClInclude>
    <ClInclude Include="lib\thirdparty\glm\mat2x4.hpp">
      <Filter>Header Files</Filter>
    </ClInclude>
    <ClInclude Include="lib\thirdparty\glm\mat3x2.hpp">
      <Filter>Header Files</Filter>
    </ClInclude>
    <ClInclude Include="lib\thirdparty\glm\mat3x3.hpp">
      <Filter>Header Files</Filter>
    </ClInclude>
    <ClInclude Include="lib\thirdparty\glm\mat3x4.hpp">
      <Filter>Header Files</Filter>
    </ClInclude>
    <ClInclude Include="lib\thirdparty\glm\mat4x2.hpp">
      <Filter>Header Files</Filter>
    </ClInclude>
    <ClInclude Include="lib\thirdparty\glm\mat4x3.hpp">
      <Filter>Header Files</Filter>
    </ClInclude>
    <ClInclude Include="lib\thirdparty\glm\mat4x4.hpp">
      <Filter>Header Files</Filter>
    </ClInclude>
    <ClInclude Include="lib\thirdparty\glm\matrix.hpp">
      <Filter>Header Files</Filter>
    </ClInclude>
    <ClInclude Include="lib\thirdparty\glm\packing.hpp">
      <Filter>Header Files</Filter>
    </ClInclude>
    <ClInclude Include="lib\thirdparty\glm\trigonometric.hpp">
      <Filter>Header Files</Filter>
    </ClInclude>
    <ClInclude Include="lib\thirdparty\glm\vec2.hpp">
      <Filter>Header Files</Filter>
    </ClInclude>
    <ClInclude Include="lib\thirdparty\glm\vec3.hpp">
      <Filter>Header Files</Filter>
    </ClInclude>
    <ClInclude Include="lib\thirdparty\glm\vec4.hpp">
      <Filter>Header Files</Filter>
    </ClInclude>
    <ClInclude Include="lib\thirdparty\glm\vector_relational.hpp">
      <Filter>Header Files</Filter>
    </ClInclude>
    <ClInclude Include="lib\Buffer\IndexBuffer.h">
      <Filter>Header Files</Filter>
    </ClInclude>
    <ClInclude Include="lib\Buffer\VertexBuffer.h">
      <Filter>Header Files</Filter>
    </ClInclude>
    <ClInclude Include="lib\Buffer\VertexBufferLayout.h">
      <Filter>Header Files</Filter>
    </ClInclude>
    <ClInclude Include="lib\Math\DynamicDatastructure.h">
      <Filter>Header Files</Filter>
    </ClInclude>
    <ClInclude Include="lib\Math\Math.h">
      <Filter>Header Files</Filter>
    </ClInclude>
    <ClInclude Include="lib\Math\Strmanip.h">
      <Filter>Header Files</Filter>
    </ClInclude>
    <ClInclude Include="lib\Math\UtilityFunctions.h">
      <Filter>Header Files</Filter>
    </ClInclude>
    <ClInclude Include="lib\ModelParser\OBJParser.h">
      <Filter>Header Files</Filter>
    </ClInclude>
    <ClInclude Include="lib\ModelParser\Parser.h">
      <Filter>Header Files</Filter>
    </ClInclude>
    <ClInclude Include="lib\Type\Index.h">
      <Filter>Header Files</Filter>
    </ClInclude>
    <ClInclude Include="lib\Type\Model.h">
      <Filter>Header Files</Filter>
    </ClInclude>
    <ClInclude Include="lib\Type\Normal.h">
      <Filter>Header Files</Filter>
    </ClInclude>
    <ClInclude Include="lib\Type\Texture.h">
      <Filter>Header Files</Filter>
    </ClInclude>
    <ClInclude Include="lib\Type\Vertex.h">
      <Filter>Header Files</Filter>
    </ClInclude>
    <ClInclude Include="lib\Shader.h">
      <Filter>Header Files</Filter>
    </ClInclude>
    <ClInclude Include="lib\VertexArray.h">
      <Filter>Header Files</Filter>
    </ClInclude>
    <ClInclude Include="lib\FolderData.h">
      <Filter>Header Files</Filter>
    </ClInclude>
    <ClInclude Include="lib\Renderer.h">
      <Filter>Header Files</Filter>
    </ClInclude>
    <ClInclude Include="lib\ModelCollection.h">
      <Filter>Header Files</Filter>
    </ClInclude>
    <ClInclude Include="lib\Particle\ParticlePhysics.h">
      <Filter>Header Files</Filter>
    </ClInclude>
  </ItemGroup>
  <ItemGroup>
    <ClCompile Include="src\Display.cpp">
      <Filter>Source Files</Filter>
    </ClCompile>
    <ClCompile Include="src\GUI.cpp">
      <Filter>Source Files</Filter>
    </ClCompile>
    <ClCompile Include="src\App.cpp">
      <Filter>Source Files</Filter>
    </ClCompile>
    <ClCompile Include="lib\thirdparty\imgui\imgui.cpp">
      <Filter>Source Files</Filter>
    </ClCompile>
    <ClCompile Include="lib\thirdparty\imgui\imgui_demo.cpp">
      <Filter>Source Files</Filter>
    </ClCompile>
    <ClCompile Include="lib\thirdparty\imgui\imgui_draw.cpp">
      <Filter>Source Files</Filter>
    </ClCompile>
    <ClCompile Include="lib\thirdparty\imgui\imgui_impl_opengl3.cpp">
      <Filter>Source Files</Filter>
    </ClCompile>
    <ClCompile Include="lib\thirdparty\imgui\imgui_impl_win32.cpp">
      <Filter>Source Files</Filter>
    </ClCompile>
    <ClCompile Include="lib\thirdparty\imgui\imgui_widgets.cpp">
      <Filter>Source Files</Filter>
    </ClCompile>
    <ClCompile Include="src\Particle\ParticleCollection.cpp">
      <Filter>Source Files</Filter>
    </ClCompile>
    <ClCompile Include="lib\thirdparty\glm\detail\glm.cpp">
      <Filter>Source Files</Filter>
    </ClCompile>
    <ClCompile Include="src\Buffer\IndexBuffer.cpp">
      <Filter>Source Files</Filter>
    </ClCompile>
    <ClCompile Include="src\Buffer\VertexBuffer.cpp">
      <Filter>Source Files</Filter>
    </ClCompile>
    <ClCompile Include="src\Buffer\VertexBufferLayout.cpp">
      <Filter>Source Files</Filter>
    </ClCompile>
    <ClCompile Include="src\Math\DynamicDatastructure.cpp">
      <Filter>Source Files</Filter>
    </ClCompile>
    <ClCompile Include="src\Math\Strmanip.cpp">
      <Filter>Source Files</Filter>
    </ClCompile>
    <ClCompile Include="src\Math\UtilityFunctions.cpp">
      <Filter>Source Files</Filter>
    </ClCompile>
    <ClCompile Include="src\ModelParser\OBJParser.cpp">
      <Filter>Source Files</Filter>
    </ClCompile>
    <ClCompile Include="src\ModelParser\Parser.cpp">
      <Filter>Source Files</Filter>
    </ClCompile>
    <ClCompile Include="src\Type\Index.cpp">
      <Filter>Source Files</Filter>
    </ClCompile>
    <ClCompile Include="src\Type\Model.cpp">
      <Filter>Source Files</Filter>
    </ClCompile>
    <ClCompile Include="src\Type\Normal.cpp">
      <Filter>Source Files</Filter>
    </ClCompile>
    <ClCompile Include="src\Type\Texture.cpp">
      <Filter>Source Files</Filter>
    </ClCompile>
    <ClCompile Include="src\Type\Vertex.cpp">
      <Filter>Source Files</Filter>
    </ClCompile>
    <ClCompile Include="src\Shader.cpp">
      <Filter>Source Files</Filter>
    </ClCompile>
    <ClCompile Include="src\VertexArray.cpp">
      <Filter>Source Files</Filter>
    </ClCompile>
    <ClCompile Include="src\Renderer.cpp">
      <Filter>Source Files</Filter>
    </ClCompile>
    <ClCompile Include="src\Particle\ParticlePhysics.cpp">
      <Filter>Source Files</Filter>
    </ClCompile>
  </ItemGroup>
  <ItemGroup>
    <None Include="lib\thirdparty\glm\detail\func_common.inl">
      <Filter>Header Files</Filter>
    </None>
    <None Include="lib\thirdparty\glm\detail\func_exponential.inl">
      <Filter>Header Files</Filter>
    </None>
    <None Include="lib\thirdparty\glm\detail\func_geometric.inl">
      <Filter>Header Files</Filter>
    </None>
    <None Include="lib\thirdparty\glm\detail\func_integer.inl">
      <Filter>Header Files</Filter>
    </None>
    <None Include="lib\thirdparty\glm\detail\func_matrix.inl">
      <Filter>Header Files</Filter>
    </None>
    <None Include="lib\thirdparty\glm\detail\func_noise.inl">
      <Filter>Header Files</Filter>
    </None>
    <None Include="lib\thirdparty\glm\detail\func_packing.inl">
      <Filter>Header Files</Filter>
    </None>
    <None Include="lib\thirdparty\glm\detail\func_trigonometric.inl">
      <Filter>Header Files</Filter>
    </None>
    <None Include="lib\thirdparty\glm\detail\func_vector_relational.inl">
      <Filter>Header Files</Filter>
    </None>
    <None Include="lib\thirdparty\glm\detail\intrinsic_common.inl">
      <Filter>Header Files</Filter>
    </None>
    <None Include="lib\thirdparty\glm\detail\intrinsic_exponential.inl">
      <Filter>Header Files</Filter>
    </None>
    <None Include="lib\thirdparty\glm\detail\intrinsic_geometric.inl">
      <Filter>Header Files</Filter>
    </None>
    <None Include="lib\thirdparty\glm\detail\intrinsic_integer.inl">
      <Filter>Header Files</Filter>
    </None>
    <None Include="lib\thirdparty\glm\detail\intrinsic_matrix.inl">
      <Filter>Header Files</Filter>
    </None>
    <None Include="lib\thirdparty\glm\detail\intrinsic_trigonometric.inl">
      <Filter>Header Files</Filter>
    </None>
    <None Include="lib\thirdparty\glm\detail\intrinsic_vector_relational.inl">
      <Filter>Header Files</Filter>
    </None>
    <None Include="lib\thirdparty\glm\detail\type_gentype.inl">
      <Filter>Header Files</Filter>
    </None>
    <None Include="lib\thirdparty\glm\detail\type_half.inl">
      <Filter>Header Files</Filter>
    </None>
    <None Include="lib\thirdparty\glm\detail\type_mat.inl">
      <Filter>Header Files</Filter>
    </None>
    <None Include="lib\thirdparty\glm\detail\type_mat2x2.inl">
      <Filter>Header Files</Filter>
    </None>
    <None Include="lib\thirdparty\glm\detail\type_mat2x3.inl">
      <Filter>Header Files</Filter>
    </None>
    <None Include="lib\thirdparty\glm\detail\type_mat2x4.inl">
      <Filter>Header Files</Filter>
    </None>
    <None Include="lib\thirdparty\glm\detail\type_mat3x2.inl">
      <Filter>Header Files</Filter>
    </None>
    <None Include="lib\thirdparty\glm\detail\type_mat3x3.inl">
      <Filter>Header Files</Filter>
    </None>
    <None Include="lib\thirdparty\glm\detail\type_mat3x4.inl">
      <Filter>Header Files</Filter>
    </None>
    <None Include="lib\thirdparty\glm\detail\type_mat4x2.inl">
      <Filter>Header Files</Filter>
    </None>
    <None Include="lib\thirdparty\glm\detail\type_mat4x3.inl">
      <Filter>Header Files</Filter>
    </None>
    <None Include="lib\thirdparty\glm\detail\type_mat4x4.inl">
      <Filter>Header Files</Filter>
    </None>
    <None Include="lib\thirdparty\glm\detail\type_vec.inl">
      <Filter>Header Files</Filter>
    </None>
    <None Include="lib\thirdparty\glm\detail\type_vec1.inl">
      <Filter>Header Files</Filter>
    </None>
    <None Include="lib\thirdparty\glm\detail\type_vec2.inl">
      <Filter>Header Files</Filter>
    </None>
    <None Include="lib\thirdparty\glm\detail\type_vec3.inl">
      <Filter>Header Files</Filter>
    </None>
    <None Include="lib\thirdparty\glm\detail\type_vec4.inl">
      <Filter>Header Files</Filter>
    </None>
    <None Include="lib\thirdparty\glm\detail\type_vec4_avx.inl">
      <Filter>Header Files</Filter>
    </None>
    <None Include="lib\thirdparty\glm\detail\type_vec4_avx2.inl">
      <Filter>Header Files</Filter>
    </None>
    <None Include="lib\thirdparty\glm\detail\type_vec4_sse2.inl">
      <Filter>Header Files</Filter>
    </None>
    <None Include="lib\thirdparty\glm\gtc\bitfield.inl">
      <Filter>Header Files</Filter>
    </None>
    <None Include="lib\thirdparty\glm\gtc\constants.inl">
      <Filter>Header Files</Filter>
    </None>
    <None Include="lib\thirdparty\glm\gtc\epsilon.inl">
      <Filter>Header Files</Filter>
    </None>
    <None Include="lib\thirdparty\glm\gtc\integer.inl">
      <Filter>Header Files</Filter>
    </None>
    <None Include="lib\thirdparty\glm\gtc\matrix_access.inl">
      <Filter>Header Files</Filter>
    </None>
    <None Include="lib\thirdparty\glm\gtc\matrix_inverse.inl">
      <Filter>Header Files</Filter>
    </None>
    <None Include="lib\thirdparty\glm\gtc\matrix_transform.inl">
      <Filter>Header Files</Filter>
    </None>
    <None Include="lib\thirdparty\glm\gtc\noise.inl">
      <Filter>Header Files</Filter>
    </None>
    <None Include="lib\thirdparty\glm\gtc\packing.inl">
      <Filter>Header Files</Filter>
    </None>
    <None Include="lib\thirdparty\glm\gtc\quaternion.inl">
      <Filter>Header Files</Filter>
    </None>
    <None Include="lib\thirdparty\glm\gtc\random.inl">
      <Filter>Header Files</Filter>
    </None>
    <None Include="lib\thirdparty\glm\gtc\reciprocal.inl">
      <Filter>Header Files</Filter>
    </None>
    <None Include="lib\thirdparty\glm\gtc\round.inl">
      <Filter>Header Files</Filter>
    </None>
    <None Include="lib\thirdparty\glm\gtc\type_precision.inl">
      <Filter>Header Files</Filter>
    </None>
    <None Include="lib\thirdparty\glm\gtc\type_ptr.inl">
      <Filter>Header Files</Filter>
    </None>
    <None Include="lib\thirdparty\glm\gtc\ulp.inl">
      <Filter>Header Files</Filter>
    </None>
    <None Include="lib\thirdparty\glm\gtc\vec1.inl">
      <Filter>Header Files</Filter>
    </None>
    <None Include="lib\thirdparty\glm\gtx\associated_min_max.inl">
      <Filter>Header Files</Filter>
    </None>
    <None Include="lib\thirdparty\glm\gtx\bit.inl">
      <Filter>Header Files</Filter>
    </None>
    <None Include="lib\thirdparty\glm\gtx\closest_point.inl">
      <Filter>Header Files</Filter>
    </None>
    <None Include="lib\thirdparty\glm\gtx\color_space.inl">
      <Filter>Header Files</Filter>
    </None>
    <None Include="lib\thirdparty\glm\gtx\color_space_YCoCg.inl">
      <Filter>Header Files</Filter>
    </None>
    <None Include="lib\thirdparty\glm\gtx\common.inl">
      <Filter>Header Files</Filter>
    </None>
    <None Include="lib\thirdparty\glm\gtx\compatibility.inl">
      <Filter>Header Files</Filter>
    </None>
    <None Include="lib\thirdparty\glm\gtx\component_wise.inl">
      <Filter>Header Files</Filter>
    </None>
    <None Include="lib\thirdparty\glm\gtx\dual_quaternion.inl">
      <Filter>Header Files</Filter>
    </None>
    <None Include="lib\thirdparty\glm\gtx\euler_angles.inl">
      <Filter>Header Files</Filter>
    </None>
    <None Include="lib\thirdparty\glm\gtx\extend.inl">
      <Filter>Header Files</Filter>
    </None>
    <None Include="lib\thirdparty\glm\gtx\extented_min_max.inl">
      <Filter>Header Files</Filter>
    </None>
    <None Include="lib\thirdparty\glm\gtx\fast_exponential.inl">
      <Filter>Header Files</Filter>
    </None>
    <None Include="lib\thirdparty\glm\gtx\fast_square_root.inl">
      <Filter>Header Files</Filter>
    </None>
    <None Include="lib\thirdparty\glm\gtx\fast_trigonometry.inl">
      <Filter>Header Files</Filter>
    </None>
    <None Include="lib\thirdparty\glm\gtx\gradient_paint.inl">
      <Filter>Header Files</Filter>
    </None>
    <None Include="lib\thirdparty\glm\gtx\handed_coordinate_space.inl">
      <Filter>Header Files</Filter>
    </None>
    <None Include="lib\thirdparty\glm\gtx\integer.inl">
      <Filter>Header Files</Filter>
    </None>
    <None Include="lib\thirdparty\glm\gtx\intersect.inl">
      <Filter>Header Files</Filter>
    </None>
    <None Include="lib\thirdparty\glm\gtx\io.inl">
      <Filter>Header Files</Filter>
    </None>
    <None Include="lib\thirdparty\glm\gtx\log_base.inl">
      <Filter>Header Files</Filter>
    </None>
    <None Include="lib\thirdparty\glm\gtx\matrix_cross_product.inl">
      <Filter>Header Files</Filter>
    </None>
    <None Include="lib\thirdparty\glm\gtx\matrix_decompose.inl">
      <Filter>Header Files</Filter>
    </None>
    <None Include="lib\thirdparty\glm\gtx\matrix_interpolation.inl">
      <Filter>Header Files</Filter>
    </None>
    <None Include="lib\thirdparty\glm\gtx\matrix_major_storage.inl">
      <Filter>Header Files</Filter>
    </None>
    <None Include="lib\thirdparty\glm\gtx\matrix_operation.inl">
      <Filter>Header Files</Filter>
    </None>
    <None Include="lib\thirdparty\glm\gtx\matrix_query.inl">
      <Filter>Header Files</Filter>
    </None>
    <None Include="lib\thirdparty\glm\gtx\matrix_transform_2d.inl">
      <Filter>Header Files</Filter>
    </None>
    <None Include="lib\thirdparty\glm\gtx\mixed_product.inl">
      <Filter>Header Files</Filter>
    </None>
    <None Include="lib\thirdparty\glm\gtx\multiple.inl">
      <Filter>Header Files</Filter>
    </None>
    <None Include="lib\thirdparty\glm\gtx\norm.inl">
      <Filter>Header Files</Filter>
    </None>
    <None Include="lib\thirdparty\glm\gtx\normal.inl">
      <Filter>Header Files</Filter>
    </None>
    <None Include="lib\thirdparty\glm\gtx\normalize_dot.inl">
      <Filter>Header Files</Filter>
    </None>
    <None Include="lib\thirdparty\glm\gtx\number_precision.inl">
      <Filter>Header Files</Filter>
    </None>
    <None Include="lib\thirdparty\glm\gtx\optimum_pow.inl">
      <Filter>Header Files</Filter>
    </None>
    <None Include="lib\thirdparty\glm\gtx\orthonormalize.inl">
      <Filter>Header Files</Filter>
    </None>
    <None Include="lib\thirdparty\glm\gtx\perpendicular.inl">
      <Filter>Header Files</Filter>
    </None>
    <None Include="lib\thirdparty\glm\gtx\polar_coordinates.inl">
      <Filter>Header Files</Filter>
    </None>
    <None Include="lib\thirdparty\glm\gtx\projection.inl">
      <Filter>Header Files</Filter>
    </None>
    <None Include="lib\thirdparty\glm\gtx\quaternion.inl">
      <Filter>Header Files</Filter>
    </None>
    <None Include="lib\thirdparty\glm\gtx\raw_data.inl">
      <Filter>Header Files</Filter>
    </None>
    <None Include="lib\thirdparty\glm\gtx\rotate_normalized_axis.inl">
      <Filter>Header Files</Filter>
    </None>
    <None Include="lib\thirdparty\glm\gtx\rotate_vector.inl">
      <Filter>Header Files</Filter>
    </None>
    <None Include="lib\thirdparty\glm\gtx\scalar_relational.inl">
      <Filter>Header Files</Filter>
    </None>
    <None Include="lib\thirdparty\glm\gtx\simd_mat4.inl">
      <Filter>Header Files</Filter>
    </None>
    <None Include="lib\thirdparty\glm\gtx\simd_quat.inl">
      <Filter>Header Files</Filter>
    </None>
    <None Include="lib\thirdparty\glm\gtx\simd_vec4.inl">
      <Filter>Header Files</Filter>
    </None>
    <None Include="lib\thirdparty\glm\gtx\spline.inl">
      <Filter>Header Files</Filter>
    </None>
    <None Include="lib\thirdparty\glm\gtx\std_based_type.inl">
      <Filter>Header Files</Filter>
    </None>
    <None Include="lib\thirdparty\glm\gtx\string_cast.inl">
      <Filter>Header Files</Filter>
    </None>
    <None Include="lib\thirdparty\glm\gtx\transform.inl">
      <Filter>Header Files</Filter>
    </None>
    <None Include="lib\thirdparty\glm\gtx\transform2.inl">
      <Filter>Header Files</Filter>
    </None>
    <None Include="lib\thirdparty\glm\gtx\type_aligned.inl">
      <Filter>Header Files</Filter>
    </None>
    <None Include="lib\thirdparty\glm\gtx\vector_angle.inl">
      <Filter>Header Files</Filter>
    </None>
    <None Include="lib\thirdparty\glm\gtx\vector_query.inl">
      <Filter>Header Files</Filter>
    </None>
    <None Include="lib\thirdparty\glm\gtx\wrap.inl">
      <Filter>Header Files</Filter>
    </None>
  </ItemGroup>
</Project>